
Microsoft Visual Studio Solution File, Format Version 12.00
# Visual Studio Version 17
VisualStudioVersion = 17.5.33516.290
MinimumVisualStudioVersion = 10.0.40219.1
Project("{FAE04EC0-301F-11D3-BF4B-00C04F79EFBC}") = "Homework03", "Homework03\Homework03.csproj", "{F1F3FA11-5989-4001-B80B-226EF3E94AA7}"
EndProject
Project("{FAE04EC0-301F-11D3-BF4B-00C04F79EFBC}") = "Homeworks", "Homeworks\Homeworks.csproj", "{AE19F843-9F3D-41E6-A872-063113A1B898}"
EndProject
Global
	GlobalSection(SolutionConfigurationPlatforms) = preSolution
		Debug|Any CPU = Debug|Any CPU
		Release|Any CPU = Release|Any CPU
	EndGlobalSection
	GlobalSection(ProjectConfigurationPlatforms) = postSolution
		{F1F3FA11-5989-4001-B80B-226EF3E94AA7}.Debug|Any CPU.ActiveCfg = Debug|Any CPU
		{F1F3FA11-5989-4001-B80B-226EF3E94AA7}.Debug|Any CPU.Build.0 = Debug|Any CPU
		{F1F3FA11-5989-4001-B80B-226EF3E94AA7}.Release|Any CPU.ActiveCfg = Release|Any CPU
		{F1F3FA11-5989-4001-B80B-226EF3E94AA7}.Release|Any CPU.Build.0 = Release|Any CPU
		{AE19F843-9F3D-41E6-A872-063113A1B898}.Debug|Any CPU.ActiveCfg = Debug|Any CPU
		{AE19F843-9F3D-41E6-A872-063113A1B898}.Debug|Any CPU.Build.0 = Debug|Any CPU
		{AE19F843-9F3D-41E6-A872-063113A1B898}.Release|Any CPU.ActiveCfg = Release|Any CPU
		{AE19F843-9F3D-41E6-A872-063113A1B898}.Release|Any CPU.Build.0 = Release|Any CPU
	EndGlobalSection
	GlobalSection(SolutionProperties) = preSolution
		HideSolutionNode = FALSE
	EndGlobalSection
	GlobalSection(ExtensibilityGlobals) = postSolution
		SolutionGuid = {62CF0EEE-A358-4BFC-9AB6-C5FD60048886}
	EndGlobalSection
EndGlobal
