
Microsoft Visual Studio Solution File, Format Version 12.00
# Visual Studio Version 17
VisualStudioVersion = 17.5.33516.290
MinimumVisualStudioVersion = 10.0.40219.1
Project("{FAE04EC0-301F-11D3-BF4B-00C04F79EFBC}") = "Task02", "Task02\Task02.csproj", "{2746FD2C-F32A-453A-A2CB-E10BB3989CEC}"
EndProject
Project("{FAE04EC0-301F-11D3-BF4B-00C04F79EFBC}") = "ClassLibrary1", "ClassLibrary1\ClassLibrary1.csproj", "{2C699F70-5255-4E50-A1A5-ECE31FDC415B}"
EndProject
Global
	GlobalSection(SolutionConfigurationPlatforms) = preSolution
		Debug|Any CPU = Debug|Any CPU
		Release|Any CPU = Release|Any CPU
	EndGlobalSection
	GlobalSection(ProjectConfigurationPlatforms) = postSolution
		{2746FD2C-F32A-453A-A2CB-E10BB3989CEC}.Debug|Any CPU.ActiveCfg = Debug|Any CPU
		{2746FD2C-F32A-453A-A2CB-E10BB3989CEC}.Debug|Any CPU.Build.0 = Debug|Any CPU
		{2746FD2C-F32A-453A-A2CB-E10BB3989CEC}.Release|Any CPU.ActiveCfg = Release|Any CPU
		{2746FD2C-F32A-453A-A2CB-E10BB3989CEC}.Release|Any CPU.Build.0 = Release|Any CPU
		{2C699F70-5255-4E50-A1A5-ECE31FDC415B}.Debug|Any CPU.ActiveCfg = Debug|Any CPU
		{2C699F70-5255-4E50-A1A5-ECE31FDC415B}.Debug|Any CPU.Build.0 = Debug|Any CPU
		{2C699F70-5255-4E50-A1A5-ECE31FDC415B}.Release|Any CPU.ActiveCfg = Release|Any CPU
		{2C699F70-5255-4E50-A1A5-ECE31FDC415B}.Release|Any CPU.Build.0 = Release|Any CPU
	EndGlobalSection
	GlobalSection(SolutionProperties) = preSolution
		HideSolutionNode = FALSE
	EndGlobalSection
	GlobalSection(ExtensibilityGlobals) = postSolution
		SolutionGuid = {68785033-FB70-4586-B8B9-32A03CC5CACB}
	EndGlobalSection
EndGlobal
